
Microsoft Visual Studio Solution File, Format Version 12.00
# Visual Studio Version 17
VisualStudioVersion = 17.3.32825.248
MinimumVisualStudioVersion = 10.0.40219.1
Project("{FAE04EC0-301F-11D3-BF4B-00C04F79EFBC}") = "BlazorWasmReportingApp.Server", "BlazorWasmReportingApp\Server\BlazorWasmReportingApp.Server.csproj", "{718C4A7E-BF93-4D5A-90AC-4A71C69A0EB1}"
EndProject
Project("{FAE04EC0-301F-11D3-BF4B-00C04F79EFBC}") = "BlazorWasmReportingApp.Client", "BlazorWasmReportingApp\Client\BlazorWasmReportingApp.Client.csproj", "{2AFCAE58-CA7B-4126-B99A-8C2183C06EDA}"
EndProject
Project("{FAE04EC0-301F-11D3-BF4B-00C04F79EFBC}") = "BlazorWasmReportingApp.Shared", "BlazorWasmReportingApp\Shared\BlazorWasmReportingApp.Shared.csproj", "{618F1360-0E3A-4CB4-9C6A-EE1B9189C7EE}"
EndProject
Global
	GlobalSection(SolutionConfigurationPlatforms) = preSolution
		Debug|Any CPU = Debug|Any CPU
		Release|Any CPU = Release|Any CPU
	EndGlobalSection
	GlobalSection(ProjectConfigurationPlatforms) = postSolution
		{718C4A7E-BF93-4D5A-90AC-4A71C69A0EB1}.Debug|Any CPU.ActiveCfg = Debug|Any CPU
		{718C4A7E-BF93-4D5A-90AC-4A71C69A0EB1}.Debug|Any CPU.Build.0 = Debug|Any CPU
		{718C4A7E-BF93-4D5A-90AC-4A71C69A0EB1}.Release|Any CPU.ActiveCfg = Release|Any CPU
		{718C4A7E-BF93-4D5A-90AC-4A71C69A0EB1}.Release|Any CPU.Build.0 = Release|Any CPU
		{2AFCAE58-CA7B-4126-B99A-8C2183C06EDA}.Debug|Any CPU.ActiveCfg = Debug|Any CPU
		{2AFCAE58-CA7B-4126-B99A-8C2183C06EDA}.Debug|Any CPU.Build.0 = Debug|Any CPU
		{2AFCAE58-CA7B-4126-B99A-8C2183C06EDA}.Release|Any CPU.ActiveCfg = Release|Any CPU
		{2AFCAE58-CA7B-4126-B99A-8C2183C06EDA}.Release|Any CPU.Build.0 = Release|Any CPU
		{618F1360-0E3A-4CB4-9C6A-EE1B9189C7EE}.Debug|Any CPU.ActiveCfg = Debug|Any CPU
		{618F1360-0E3A-4CB4-9C6A-EE1B9189C7EE}.Debug|Any CPU.Build.0 = Debug|Any CPU
		{618F1360-0E3A-4CB4-9C6A-EE1B9189C7EE}.Release|Any CPU.ActiveCfg = Release|Any CPU
		{618F1360-0E3A-4CB4-9C6A-EE1B9189C7EE}.Release|Any CPU.Build.0 = Release|Any CPU
	EndGlobalSection
	GlobalSection(SolutionProperties) = preSolution
		HideSolutionNode = FALSE
	EndGlobalSection
	GlobalSection(ExtensibilityGlobals) = postSolution
		SolutionGuid = {1864173E-56FD-4AC7-9BC2-1D512994B083}
	EndGlobalSection
EndGlobal
